
Microsoft Visual Studio Solution File, Format Version 12.00
# Visual Studio 15
VisualStudioVersion = 15.0.28307.572
MinimumVisualStudioVersion = 10.0.40219.1
Project("{FAE04EC0-301F-11D3-BF4B-00C04F79EFBC}") = "ServiceMonitor", "ServiceMonitor\ServiceMonitor.csproj", "{F6BEC18B-6FED-4224-90BB-C96356B659CE}"
EndProject
Project("{54435603-DBB4-11D2-8724-00A0C9A8B90C}") = "ServiceMonitorSetup", "ServiceMonitorSetup\ServiceMonitorSetup.vdproj", "{146E4C5B-44CC-4F2F-A914-FBA13D678B14}"
EndProject
Global
	GlobalSection(SolutionConfigurationPlatforms) = preSolution
		Debug|Any CPU = Debug|Any CPU
		Release|Any CPU = Release|Any CPU
	EndGlobalSection
	GlobalSection(ProjectConfigurationPlatforms) = postSolution
		{F6BEC18B-6FED-4224-90BB-C96356B659CE}.Debug|Any CPU.ActiveCfg = Debug|Any CPU
		{F6BEC18B-6FED-4224-90BB-C96356B659CE}.Debug|Any CPU.Build.0 = Debug|Any CPU
		{F6BEC18B-6FED-4224-90BB-C96356B659CE}.Release|Any CPU.ActiveCfg = Release|Any CPU
		{F6BEC18B-6FED-4224-90BB-C96356B659CE}.Release|Any CPU.Build.0 = Release|Any CPU
		{146E4C5B-44CC-4F2F-A914-FBA13D678B14}.Debug|Any CPU.ActiveCfg = Debug
		{146E4C5B-44CC-4F2F-A914-FBA13D678B14}.Debug|Any CPU.Build.0 = Debug
		{146E4C5B-44CC-4F2F-A914-FBA13D678B14}.Release|Any CPU.ActiveCfg = Release
	EndGlobalSection
	GlobalSection(SolutionProperties) = preSolution
		HideSolutionNode = FALSE
	EndGlobalSection
	GlobalSection(ExtensibilityGlobals) = postSolution
		SolutionGuid = {F9EF00E0-D624-4807-8DD8-853DF30F2A5E}
	EndGlobalSection
EndGlobal
